// !$*UTF8*$!
{
	archiveVersion = 1;
	classes = {
	};
	objectVersion = 52;
	objects = {

/* Begin PBXBuildFile section */
		D861E9AC26AC48BF002E2BC1 /* AppDelegate.swift in Sources */ = {isa = PBXBuildFile; fileRef = D861E9AB26AC48BF002E2BC1 /* AppDelegate.swift */; };
		D861E9AE26AC48BF002E2BC1 /* SceneDelegate.swift in Sources */ = {isa = PBXBuildFile; fileRef = D861E9AD26AC48BF002E2BC1 /* SceneDelegate.swift */; };
		D861E9B026AC48BF002E2BC1 /* ViewController.swift in Sources */ = {isa = PBXBuildFile; fileRef = D861E9AF26AC48BF002E2BC1 /* ViewController.swift */; };
		D861E9B326AC48C0002E2BC1 /* Main.storyboard in Resources */ = {isa = PBXBuildFile; fileRef = D861E9B126AC48C0002E2BC1 /* Main.storyboard */; };
		D861E9B526AC48C1002E2BC1 /* Assets.xcassets in Resources */ = {isa = PBXBuildFile; fileRef = D861E9B426AC48C1002E2BC1 /* Assets.xcassets */; };
		D861E9B826AC48C1002E2BC1 /* LaunchScreen.storyboard in Resources */ = {isa = PBXBuildFile; fileRef = D861E9B626AC48C1002E2BC1 /* LaunchScreen.storyboard */; };
		D861E9C126AC48D8002E2BC1 /* Alamofire in Frameworks */ = {isa = PBXBuildFile; productRef = D861E9C026AC48D8002E2BC1 /* Alamofire */; };
		D861E9C326AC4988002E2BC1 /* CollectionViewController.swift in Sources */ = {isa = PBXBuildFile; fileRef = D861E9C226AC4988002E2BC1 /* CollectionViewController.swift */; };
		D861E9C626AC49F8002E2BC1 /* SwiftyJSON in Frameworks */ = {isa = PBXBuildFile; productRef = D861E9C526AC49F8002E2BC1 /* SwiftyJSON */; };
		D861E9C926AC4A13002E2BC1 /* SDWebImage in Frameworks */ = {isa = PBXBuildFile; productRef = D861E9C826AC4A13002E2BC1 /* SDWebImage */; };
		D861E9CB26AC4A3E002E2BC1 /* MemoCollectionViewCell.swift in Sources */ = {isa = PBXBuildFile; fileRef = D861E9CA26AC4A3E002E2BC1 /* MemoCollectionViewCell.swift */; };
/* End PBXBuildFile section */

/* Begin PBXFileReference section */
		D861E9A826AC48BF002E2BC1 /* LinkMemo.app */ = {isa = PBXFileReference; explicitFileType = wrapper.application; includeInIndex = 0; path = LinkMemo.app; sourceTree = BUILT_PRODUCTS_DIR; };
		D861E9AB26AC48BF002E2BC1 /* AppDelegate.swift */ = {isa = PBXFileReference; lastKnownFileType = sourcecode.swift; path = AppDelegate.swift; sourceTree = "<group>"; };
		D861E9AD26AC48BF002E2BC1 /* SceneDelegate.swift */ = {isa = PBXFileReference; lastKnownFileType = sourcecode.swift; path = SceneDelegate.swift; sourceTree = "<group>"; };
		D861E9AF26AC48BF002E2BC1 /* ViewController.swift */ = {isa = PBXFileReference; lastKnownFileType = sourcecode.swift; path = ViewController.swift; sourceTree = "<group>"; };
		D861E9B226AC48C0002E2BC1 /* Base */ = {isa = PBXFileReference; lastKnownFileType = file.storyboard; name = Base; path = Base.lproj/Main.storyboard; sourceTree = "<group>"; };
		D861E9B426AC48C1002E2BC1 /* Assets.xcassets */ = {isa = PBXFileReference; lastKnownFileType = folder.assetcatalog; path = Assets.xcassets; sourceTree = "<group>"; };
		D861E9B726AC48C1002E2BC1 /* Base */ = {isa = PBXFileReference; lastKnownFileType = file.storyboard; name = Base; path = Base.lproj/LaunchScreen.storyboard; sourceTree = "<group>"; };
		D861E9B926AC48C1002E2BC1 /* Info.plist */ = {isa = PBXFileReference; lastKnownFileType = text.plist.xml; path = Info.plist; sourceTree = "<group>"; };
		D861E9C226AC4988002E2BC1 /* CollectionViewController.swift */ = {isa = PBXFileReference; lastKnownFileType = sourcecode.swift; path = CollectionViewController.swift; sourceTree = "<group>"; };
		D861E9CA26AC4A3E002E2BC1 /* MemoCollectionViewCell.swift */ = {isa = PBXFileReference; lastKnownFileType = sourcecode.swift; path = MemoCollectionViewCell.swift; sourceTree = "<group>"; };
/* End PBXFileReference section */

/* Begin PBXFrameworksBuildPhase section */
		D861E9A526AC48BF002E2BC1 /* Frameworks */ = {
			isa = PBXFrameworksBuildPhase;
			buildActionMask = 2147483647;
			files = (
				D861E9C926AC4A13002E2BC1 /* SDWebImage in Frameworks */,
				D861E9C626AC49F8002E2BC1 /* SwiftyJSON in Frameworks */,
				D861E9C126AC48D8002E2BC1 /* Alamofire in Frameworks */,
			);
			runOnlyForDeploymentPostprocessing = 0;
		};
/* End PBXFrameworksBuildPhase section */

/* Begin PBXGroup section */
		D861E99F26AC48BF002E2BC1 = {
			isa = PBXGroup;
			children = (
				D861E9AA26AC48BF002E2BC1 /* LinkMemo */,
				D861E9A926AC48BF002E2BC1 /* Products */,
			);
			sourceTree = "<group>";
		};
		D861E9A926AC48BF002E2BC1 /* Products */ = {
			isa = PBXGroup;
			children = (
				D861E9A826AC48BF002E2BC1 /* LinkMemo.app */,
			);
			name = Products;
			sourceTree = "<group>";
		};
		D861E9AA26AC48BF002E2BC1 /* LinkMemo */ = {
			isa = PBXGroup;
			children = (
				D861E9AB26AC48BF002E2BC1 /* AppDelegate.swift */,
				D861E9AD26AC48BF002E2BC1 /* SceneDelegate.swift */,
				D861E9AF26AC48BF002E2BC1 /* ViewController.swift */,
				D861E9B126AC48C0002E2BC1 /* Main.storyboard */,
				D861E9B426AC48C1002E2BC1 /* Assets.xcassets */,
				D861E9B626AC48C1002E2BC1 /* LaunchScreen.storyboard */,
				D861E9B926AC48C1002E2BC1 /* Info.plist */,
				D861E9C226AC4988002E2BC1 /* CollectionViewController.swift */,
				D861E9CA26AC4A3E002E2BC1 /* MemoCollectionViewCell.swift */,
			);
			path = LinkMemo;
			sourceTree = "<group>";
		};
/* End PBXGroup section */

/* Begin PBXNativeTarget section */
		D861E9A726AC48BF002E2BC1 /* LinkMemo */ = {
			isa = PBXNativeTarget;
			buildConfigurationList = D861E9BC26AC48C1002E2BC1 /* Build configuration list for PBXNativeTarget "LinkMemo" */;
			buildPhases = (
				D861E9A426AC48BF002E2BC1 /* Sources */,
				D861E9A526AC48BF002E2BC1 /* Frameworks */,
				D861E9A626AC48BF002E2BC1 /* Resources */,
			);
			buildRules = (
			);
			dependencies = (
			);
			name = LinkMemo;
			packageProductDependencies = (
				D861E9C026AC48D8002E2BC1 /* Alamofire */,
				D861E9C526AC49F8002E2BC1 /* SwiftyJSON */,
				D861E9C826AC4A13002E2BC1 /* SDWebImage */,
			);
			productName = LinkMemo;
			productReference = D861E9A826AC48BF002E2BC1 /* LinkMemo.app */;
			productType = "com.apple.product-type.application";
		};
/* End PBXNativeTarget section */

/* Begin PBXProject section */
		D861E9A026AC48BF002E2BC1 /* Project object */ = {
			isa = PBXProject;
			attributes = {
				LastSwiftUpdateCheck = 1250;
				LastUpgradeCheck = 1250;
				TargetAttributes = {
					D861E9A726AC48BF002E2BC1 = {
						CreatedOnToolsVersion = 12.5.1;
					};
				};
			};
			buildConfigurationList = D861E9A326AC48BF002E2BC1 /* Build configuration list for PBXProject "LinkMemo" */;
			compatibilityVersion = "Xcode 9.3";
			developmentRegion = en;
			hasScannedForEncodings = 0;
			knownRegions = (
				en,
				Base,
			);
			mainGroup = D861E99F26AC48BF002E2BC1;
			packageReferences = (
				D861E9BF26AC48D8002E2BC1 /* XCRemoteSwiftPackageReference "Alamofire" */,
				D861E9C426AC49F8002E2BC1 /* XCRemoteSwiftPackageReference "SwiftyJSON" */,
				D861E9C726AC4A13002E2BC1 /* XCRemoteSwiftPackageReference "SDWebImage" */,
			);
			productRefGroup = D861E9A926AC48BF002E2BC1 /* Products */;
			projectDirPath = "";
			projectRoot = "";
			targets = (
				D861E9A726AC48BF002E2BC1 /* LinkMemo */,
			);
		};
/* End PBXProject section */

/* Begin PBXResourcesBuildPhase section */
		D861E9A626AC48BF002E2BC1 /* Resources */ = {
			isa = PBXResourcesBuildPhase;
			buildActionMask = 2147483647;
			files = (
				D861E9B826AC48C1002E2BC1 /* LaunchScreen.storyboard in Resources */,
				D861E9B526AC48C1002E2BC1 /* Assets.xcassets in Resources */,
				D861E9B326AC48C0002E2BC1 /* Main.storyboard in Resources */,
			);
			runOnlyForDeploymentPostprocessing = 0;
		};
/* End PBXResourcesBuildPhase section */

/* Begin PBXSourcesBuildPhase section */
		D861E9A426AC48BF002E2BC1 /* Sources */ = {
			isa = PBXSourcesBuildPhase;
			buildActionMask = 2147483647;
			files = (
				D861E9CB26AC4A3E002E2BC1 /* MemoCollectionViewCell.swift in Sources */,
				D861E9C326AC4988002E2BC1 /* CollectionViewController.swift in Sources */,
				D861E9B026AC48BF002E2BC1 /* ViewController.swift in Sources */,
				D861E9AC26AC48BF002E2BC1 /* AppDelegate.swift in Sources */,
				D861E9AE26AC48BF002E2BC1 /* SceneDelegate.swift in Sources */,
			);
			runOnlyForDeploymentPostprocessing = 0;
		};
/* End PBXSourcesBuildPhase section */

/* Begin PBXVariantGroup section */
		D861E9B126AC48C0002E2BC1 /* Main.storyboard */ = {
			isa = PBXVariantGroup;
			children = (
				D861E9B226AC48C0002E2BC1 /* Base */,
			);
			name = Main.storyboard;
			sourceTree = "<group>";
		};
		D861E9B626AC48C1002E2BC1 /* LaunchScreen.storyboard */ = {
			isa = PBXVariantGroup;
			children = (
				D861E9B726AC48C1002E2BC1 /* Base */,
			);
			name = LaunchScreen.storyboard;
			sourceTree = "<group>";
		};
/* End PBXVariantGroup section */

/* Begin XCBuildConfiguration section */
		D861E9BA26AC48C1002E2BC1 /* Debug */ = {
			isa = XCBuildConfiguration;
			buildSettings = {
				ALWAYS_SEARCH_USER_PATHS = NO;
				CLANG_ANALYZER_NONNULL = YES;
				CLANG_ANALYZER_NUMBER_OBJECT_CONVERSION = YES_AGGRESSIVE;
				CLANG_CXX_LANGUAGE_STANDARD = "gnu++14";
				CLANG_CXX_LIBRARY = "libc++";
				CLANG_ENABLE_MODULES = YES;
				CLANG_ENABLE_OBJC_ARC = YES;
				CLANG_ENABLE_OBJC_WEAK = YES;
				CLANG_WARN_BLOCK_CAPTURE_AUTORELEASING = YES;
				CLANG_WARN_BOOL_CONVERSION = YES;
				CLANG_WARN_COMMA = YES;
				CLANG_WARN_CONSTANT_CONVERSION = YES;
				CLANG_WARN_DEPRECATED_OBJC_IMPLEMENTATIONS = YES;
				CLANG_WARN_DIRECT_OBJC_ISA_USAGE = YES_ERROR;
				CLANG_WARN_DOCUMENTATION_COMMENTS = YES;
				CLANG_WARN_EMPTY_BODY = YES;
				CLANG_WARN_ENUM_CONVERSION = YES;
				CLANG_WARN_INFINITE_RECURSION = YES;
				CLANG_WARN_INT_CONVERSION = YES;
				CLANG_WARN_NON_LITERAL_NULL_CONVERSION = YES;
				CLANG_WARN_OBJC_IMPLICIT_RETAIN_SELF = YES;
				CLANG_WARN_OBJC_LITERAL_CONVERSION = YES;
				CLANG_WARN_OBJC_ROOT_CLASS = YES_ERROR;
				CLANG_WARN_QUOTED_INCLUDE_IN_FRAMEWORK_HEADER = YES;
				CLANG_WARN_RANGE_LOOP_ANALYSIS = YES;
				CLANG_WARN_STRICT_PROTOTYPES = YES;
				CLANG_WARN_SUSPICIOUS_MOVE = YES;
				CLANG_WARN_UNGUARDED_AVAILABILITY = YES_AGGRESSIVE;
				CLANG_WARN_UNREACHABLE_CODE = YES;
				CLANG_WARN__DUPLICATE_METHOD_MATCH = YES;
				COPY_PHASE_STRIP = NO;
				DEBUG_INFORMATION_FORMAT = dwarf;
				ENABLE_STRICT_OBJC_MSGSEND = YES;
				ENABLE_TESTABILITY = YES;
				GCC_C_LANGUAGE_STANDARD = gnu11;
				GCC_DYNAMIC_NO_PIC = NO;
				GCC_NO_COMMON_BLOCKS = YES;
				GCC_OPTIMIZATION_LEVEL = 0;
				GCC_PREPROCESSOR_DEFINITIONS = (
					"DEBUG=1",
					"$(inherited)",
				);
				GCC_WARN_64_TO_32_BIT_CONVERSION = YES;
				GCC_WARN_ABOUT_RETURN_TYPE = YES_ERROR;
				GCC_WARN_UNDECLARED_SELECTOR = YES;
				GCC_WARN_UNINITIALIZED_AUTOS = YES_AGGRESSIVE;
				GCC_WARN_UNUSED_FUNCTION = YES;
				GCC_WARN_UNUSED_VARIABLE = YES;
				IPHONEOS_DEPLOYMENT_TARGET = 14.5;
				MTL_ENABLE_DEBUG_INFO = INCLUDE_SOURCE;
				MTL_FAST_MATH = YES;
				ONLY_ACTIVE_ARCH = YES;
				SDKROOT = iphoneos;
				SWIFT_ACTIVE_COMPILATION_CONDITIONS = DEBUG;
				SWIFT_OPTIMIZATION_LEVEL = "-Onone";
			};
			name = Debug;
		};
		D861E9BB26AC48C1002E2BC1 /* Release */ = {
			isa = XCBuildConfiguration;
			buildSettings = {
				ALWAYS_SEARCH_USER_PATHS = NO;
				CLANG_ANALYZER_NONNULL = YES;
				CLANG_ANALYZER_NUMBER_OBJECT_CONVERSION = YES_AGGRESSIVE;
				CLANG_CXX_LANGUAGE_STANDARD = "gnu++14";
				CLANG_CXX_LIBRARY = "libc++";
				CLANG_ENABLE_MODULES = YES;
				CLANG_ENABLE_OBJC_ARC = YES;
				CLANG_ENABLE_OBJC_WEAK = YES;
				CLANG_WARN_BLOCK_CAPTURE_AUTORELEASING = YES;
				CLANG_WARN_BOOL_CONVERSION = YES;
				CLANG_WARN_COMMA = YES;
				CLANG_WARN_CONSTANT_CONVERSION = YES;
				CLANG_WARN_DEPRECATED_OBJC_IMPLEMENTATIONS = YES;
				CLANG_WARN_DIRECT_OBJC_ISA_USAGE = YES_ERROR;
				CLANG_WARN_DOCUMENTATION_COMMENTS = YES;
				CLANG_WARN_EMPTY_BODY = YES;
				CLANG_WARN_ENUM_CONVERSION = YES;
				CLANG_WARN_INFINITE_RECURSION = YES;
				CLANG_WARN_INT_CONVERSION = YES;
				CLANG_WARN_NON_LITERAL_NULL_CONVERSION = YES;
				CLANG_WARN_OBJC_IMPLICIT_RETAIN_SELF = YES;
				CLANG_WARN_OBJC_LITERAL_CONVERSION = YES;
				CLANG_WARN_OBJC_ROOT_CLASS = YES_ERROR;
				CLANG_WARN_QUOTED_INCLUDE_IN_FRAMEWORK_HEADER = YES;
				CLANG_WARN_RANGE_LOOP_ANALYSIS = YES;
				CLANG_WARN_STRICT_PROTOTYPES = YES;
				CLANG_WARN_SUSPICIOUS_MOVE = YES;
				CLANG_WARN_UNGUARDED_AVAILABILITY = YES_AGGRESSIVE;
				CLANG_WARN_UNREACHABLE_CODE = YES;
				CLANG_WARN__DUPLICATE_METHOD_MATCH = YES;
				COPY_PHASE_STRIP = NO;
				DEBUG_INFORMATION_FORMAT = "dwarf-with-dsym";
				ENABLE_NS_ASSERTIONS = NO;
				ENABLE_STRICT_OBJC_MSGSEND = YES;
				GCC_C_LANGUAGE_STANDARD = gnu11;
				GCC_NO_COMMON_BLOCKS = YES;
				GCC_WARN_64_TO_32_BIT_CONVERSION = YES;
				GCC_WARN_ABOUT_RETURN_TYPE = YES_ERROR;
				GCC_WARN_UNDECLARED_SELECTOR = YES;
				GCC_WARN_UNINITIALIZED_AUTOS = YES_AGGRESSIVE;
				GCC_WARN_UNUSED_FUNCTION = YES;
				GCC_WARN_UNUSED_VARIABLE = YES;
				IPHONEOS_DEPLOYMENT_TARGET = 14.5;
				MTL_ENABLE_DEBUG_INFO = NO;
				MTL_FAST_MATH = YES;
				SDKROOT = iphoneos;
				SWIFT_COMPILATION_MODE = wholemodule;
				SWIFT_OPTIMIZATION_LEVEL = "-O";
				VALIDATE_PRODUCT = YES;
			};
			name = Release;
		};
		D861E9BD26AC48C1002E2BC1 /* Debug */ = {
			isa = XCBuildConfiguration;
			buildSettings = {
				ASSETCATALOG_COMPILER_APPICON_NAME = AppIcon;
				ASSETCATALOG_COMPILER_GLOBAL_ACCENT_COLOR_NAME = AccentColor;
				CODE_SIGN_STYLE = Automatic;
				DEVELOPMENT_TEAM = SLD3XB8ML6;
				INFOPLIST_FILE = LinkMemo/Info.plist;
				LD_RUNPATH_SEARCH_PATHS = (
					"$(inherited)",
					"@executable_path/Frameworks",
				);
				PRODUCT_BUNDLE_IDENTIFIER = com.neuli.LinkMemo;
				PRODUCT_NAME = "$(TARGET_NAME)";
				SWIFT_VERSION = 5.0;
				TARGETED_DEVICE_FAMILY = "1,2";
			};
			name = Debug;
		};
		D861E9BE26AC48C1002E2BC1 /* Release */ = {
			isa = XCBuildConfiguration;
			buildSettings = {
				ASSETCATALOG_COMPILER_APPICON_NAME = AppIcon;
				ASSETCATALOG_COMPILER_GLOBAL_ACCENT_COLOR_NAME = AccentColor;
				CODE_SIGN_STYLE = Automatic;
				DEVELOPMENT_TEAM = SLD3XB8ML6;
				INFOPLIST_FILE = LinkMemo/Info.plist;
				LD_RUNPATH_SEARCH_PATHS = (
					"$(inherited)",
					"@executable_path/Frameworks",
				);
				PRODUCT_BUNDLE_IDENTIFIER = com.neuli.LinkMemo;
				PRODUCT_NAME = "$(TARGET_NAME)";
				SWIFT_VERSION = 5.0;
				TARGETED_DEVICE_FAMILY = "1,2";
			};
			name = Release;
		};
/* End XCBuildConfiguration section */

/* Begin XCConfigurationList section */
		D861E9A326AC48BF002E2BC1 /* Build configuration list for PBXProject "LinkMemo" */ = {
			isa = XCConfigurationList;
			buildConfigurations = (
				D861E9BA26AC48C1002E2BC1 /* Debug */,
				D861E9BB26AC48C1002E2BC1 /* Release */,
			);
			defaultConfigurationIsVisible = 0;
			defaultConfigurationName = Release;
		};
		D861E9BC26AC48C1002E2BC1 /* Build configuration list for PBXNativeTarget "LinkMemo" */ = {
			isa = XCConfigurationList;
			buildConfigurations = (
				D861E9BD26AC48C1002E2BC1 /* Debug */,
				D861E9BE26AC48C1002E2BC1 /* Release */,
			);
			defaultConfigurationIsVisible = 0;
			defaultConfigurationName = Release;
		};
/* End XCConfigurationList section */

/* Begin XCRemoteSwiftPackageReference section */
		D861E9BF26AC48D8002E2BC1 /* XCRemoteSwiftPackageReference "Alamofire" */ = {
			isa = XCRemoteSwiftPackageReference;
			repositoryURL = "https://github.com/Alamofire/Alamofire.git";
			requirement = {
				kind = upToNextMajorVersion;
				minimumVersion = 5.4.3;
			};
		};
		D861E9C426AC49F8002E2BC1 /* XCRemoteSwiftPackageReference "SwiftyJSON" */ = {
			isa = XCRemoteSwiftPackageReference;
			repositoryURL = "https://github.com/SwiftyJSON/SwiftyJSON.git";
			requirement = {
				kind = upToNextMajorVersion;
				minimumVersion = 5.0.1;
			};
		};
		D861E9C726AC4A13002E2BC1 /* XCRemoteSwiftPackageReference "SDWebImage" */ = {
			isa = XCRemoteSwiftPackageReference;
			repositoryURL = "https://github.com/SDWebImage/SDWebImage.git";
			requirement = {
				kind = upToNextMajorVersion;
				minimumVersion = 5.11.1;
			};
		};
/* End XCRemoteSwiftPackageReference section */

/* Begin XCSwiftPackageProductDependency section */
		D861E9C026AC48D8002E2BC1 /* Alamofire */ = {
			isa = XCSwiftPackageProductDependency;
			package = D861E9BF26AC48D8002E2BC1 /* XCRemoteSwiftPackageReference "Alamofire" */;
			productName = Alamofire;
		};
		D861E9C526AC49F8002E2BC1 /* SwiftyJSON */ = {
			isa = XCSwiftPackageProductDependency;
			package = D861E9C426AC49F8002E2BC1 /* XCRemoteSwiftPackageReference "SwiftyJSON" */;
			productName = SwiftyJSON;
		};
		D861E9C826AC4A13002E2BC1 /* SDWebImage */ = {
			isa = XCSwiftPackageProductDependency;
			package = D861E9C726AC4A13002E2BC1 /* XCRemoteSwiftPackageReference "SDWebImage" */;
			productName = SDWebImage;
		};
/* End XCSwiftPackageProductDependency section */
	};
	rootObject = D861E9A026AC48BF002E2BC1 /* Project object */;
}
