// !$*UTF8*$!
{
	archiveVersion = 1;
	classes = {
	};
	objectVersion = 52;
	objects = {

/* Begin PBXBuildFile section */
		D8CD0FD426A7207A0078E9E7 /* WriteViewController.swift in Sources */ = {isa = PBXBuildFile; fileRef = D8CD0FD326A7207A0078E9E7 /* WriteViewController.swift */; };
		D8D354FF26A7144B00210B27 /* ReviewTableViewController.swift in Sources */ = {isa = PBXBuildFile; fileRef = D8D354FE26A7144B00210B27 /* ReviewTableViewController.swift */; };
		D8F37C4426A5B198006F2E99 /* AppDelegate.swift in Sources */ = {isa = PBXBuildFile; fileRef = D8F37C4326A5B198006F2E99 /* AppDelegate.swift */; };
		D8F37C4626A5B198006F2E99 /* SceneDelegate.swift in Sources */ = {isa = PBXBuildFile; fileRef = D8F37C4526A5B198006F2E99 /* SceneDelegate.swift */; };
		D8F37C4826A5B198006F2E99 /* ViewController.swift in Sources */ = {isa = PBXBuildFile; fileRef = D8F37C4726A5B198006F2E99 /* ViewController.swift */; };
		D8F37C4B26A5B198006F2E99 /* Main.storyboard in Resources */ = {isa = PBXBuildFile; fileRef = D8F37C4926A5B198006F2E99 /* Main.storyboard */; };
		D8F37C4D26A5B19A006F2E99 /* Assets.xcassets in Resources */ = {isa = PBXBuildFile; fileRef = D8F37C4C26A5B19A006F2E99 /* Assets.xcassets */; };
		D8F37C5026A5B19A006F2E99 /* LaunchScreen.storyboard in Resources */ = {isa = PBXBuildFile; fileRef = D8F37C4E26A5B19A006F2E99 /* LaunchScreen.storyboard */; };
		D8F37C5926A5B28E006F2E99 /* Alamofire in Frameworks */ = {isa = PBXBuildFile; productRef = D8F37C5826A5B28E006F2E99 /* Alamofire */; };
		D8F37C5C26A5B696006F2E99 /* SwiftyJSON in Frameworks */ = {isa = PBXBuildFile; productRef = D8F37C5B26A5B696006F2E99 /* SwiftyJSON */; };
/* End PBXBuildFile section */

/* Begin PBXFileReference section */
		D8CD0FD326A7207A0078E9E7 /* WriteViewController.swift */ = {isa = PBXFileReference; lastKnownFileType = sourcecode.swift; path = WriteViewController.swift; sourceTree = "<group>"; };
		D8D354FE26A7144B00210B27 /* ReviewTableViewController.swift */ = {isa = PBXFileReference; lastKnownFileType = sourcecode.swift; path = ReviewTableViewController.swift; sourceTree = "<group>"; };
		D8F37C4026A5B198006F2E99 /* BookReview.app */ = {isa = PBXFileReference; explicitFileType = wrapper.application; includeInIndex = 0; path = BookReview.app; sourceTree = BUILT_PRODUCTS_DIR; };
		D8F37C4326A5B198006F2E99 /* AppDelegate.swift */ = {isa = PBXFileReference; lastKnownFileType = sourcecode.swift; path = AppDelegate.swift; sourceTree = "<group>"; };
		D8F37C4526A5B198006F2E99 /* SceneDelegate.swift */ = {isa = PBXFileReference; lastKnownFileType = sourcecode.swift; path = SceneDelegate.swift; sourceTree = "<group>"; };
		D8F37C4726A5B198006F2E99 /* ViewController.swift */ = {isa = PBXFileReference; lastKnownFileType = sourcecode.swift; path = ViewController.swift; sourceTree = "<group>"; };
		D8F37C4A26A5B198006F2E99 /* Base */ = {isa = PBXFileReference; lastKnownFileType = file.storyboard; name = Base; path = Base.lproj/Main.storyboard; sourceTree = "<group>"; };
		D8F37C4C26A5B19A006F2E99 /* Assets.xcassets */ = {isa = PBXFileReference; lastKnownFileType = folder.assetcatalog; path = Assets.xcassets; sourceTree = "<group>"; };
		D8F37C4F26A5B19A006F2E99 /* Base */ = {isa = PBXFileReference; lastKnownFileType = file.storyboard; name = Base; path = Base.lproj/LaunchScreen.storyboard; sourceTree = "<group>"; };
		D8F37C5126A5B19A006F2E99 /* Info.plist */ = {isa = PBXFileReference; lastKnownFileType = text.plist.xml; path = Info.plist; sourceTree = "<group>"; };
/* End PBXFileReference section */

/* Begin PBXFrameworksBuildPhase section */
		D8F37C3D26A5B198006F2E99 /* Frameworks */ = {
			isa = PBXFrameworksBuildPhase;
			buildActionMask = 2147483647;
			files = (
				D8F37C5C26A5B696006F2E99 /* SwiftyJSON in Frameworks */,
				D8F37C5926A5B28E006F2E99 /* Alamofire in Frameworks */,
			);
			runOnlyForDeploymentPostprocessing = 0;
		};
/* End PBXFrameworksBuildPhase section */

/* Begin PBXGroup section */
		D8CD0FD226A7201F0078E9E7 /* ViewControllers */ = {
			isa = PBXGroup;
			children = (
				D8F37C4726A5B198006F2E99 /* ViewController.swift */,
				D8D354FE26A7144B00210B27 /* ReviewTableViewController.swift */,
				D8CD0FD326A7207A0078E9E7 /* WriteViewController.swift */,
			);
			path = ViewControllers;
			sourceTree = "<group>";
		};
		D8F37C3726A5B198006F2E99 = {
			isa = PBXGroup;
			children = (
				D8F37C4226A5B198006F2E99 /* BookReview */,
				D8F37C4126A5B198006F2E99 /* Products */,
			);
			sourceTree = "<group>";
		};
		D8F37C4126A5B198006F2E99 /* Products */ = {
			isa = PBXGroup;
			children = (
				D8F37C4026A5B198006F2E99 /* BookReview.app */,
			);
			name = Products;
			sourceTree = "<group>";
		};
		D8F37C4226A5B198006F2E99 /* BookReview */ = {
			isa = PBXGroup;
			children = (
				D8CD0FD226A7201F0078E9E7 /* ViewControllers */,
				D8F37C4326A5B198006F2E99 /* AppDelegate.swift */,
				D8F37C4526A5B198006F2E99 /* SceneDelegate.swift */,
				D8F37C4926A5B198006F2E99 /* Main.storyboard */,
				D8F37C4C26A5B19A006F2E99 /* Assets.xcassets */,
				D8F37C4E26A5B19A006F2E99 /* LaunchScreen.storyboard */,
				D8F37C5126A5B19A006F2E99 /* Info.plist */,
			);
			path = BookReview;
			sourceTree = "<group>";
		};
/* End PBXGroup section */

/* Begin PBXNativeTarget section */
		D8F37C3F26A5B198006F2E99 /* BookReview */ = {
			isa = PBXNativeTarget;
			buildConfigurationList = D8F37C5426A5B19A006F2E99 /* Build configuration list for PBXNativeTarget "BookReview" */;
			buildPhases = (
				D8F37C3C26A5B198006F2E99 /* Sources */,
				D8F37C3D26A5B198006F2E99 /* Frameworks */,
				D8F37C3E26A5B198006F2E99 /* Resources */,
			);
			buildRules = (
			);
			dependencies = (
			);
			name = BookReview;
			packageProductDependencies = (
				D8F37C5826A5B28E006F2E99 /* Alamofire */,
				D8F37C5B26A5B696006F2E99 /* SwiftyJSON */,
			);
			productName = BookReview;
			productReference = D8F37C4026A5B198006F2E99 /* BookReview.app */;
			productType = "com.apple.product-type.application";
		};
/* End PBXNativeTarget section */

/* Begin PBXProject section */
		D8F37C3826A5B198006F2E99 /* Project object */ = {
			isa = PBXProject;
			attributes = {
				LastSwiftUpdateCheck = 1250;
				LastUpgradeCheck = 1250;
				TargetAttributes = {
					D8F37C3F26A5B198006F2E99 = {
						CreatedOnToolsVersion = 12.5.1;
					};
				};
			};
			buildConfigurationList = D8F37C3B26A5B198006F2E99 /* Build configuration list for PBXProject "BookReview" */;
			compatibilityVersion = "Xcode 9.3";
			developmentRegion = en;
			hasScannedForEncodings = 0;
			knownRegions = (
				en,
				Base,
			);
			mainGroup = D8F37C3726A5B198006F2E99;
			packageReferences = (
				D8F37C5726A5B28E006F2E99 /* XCRemoteSwiftPackageReference "Alamofire" */,
				D8F37C5A26A5B696006F2E99 /* XCRemoteSwiftPackageReference "SwiftyJSON" */,
			);
			productRefGroup = D8F37C4126A5B198006F2E99 /* Products */;
			projectDirPath = "";
			projectRoot = "";
			targets = (
				D8F37C3F26A5B198006F2E99 /* BookReview */,
			);
		};
/* End PBXProject section */

/* Begin PBXResourcesBuildPhase section */
		D8F37C3E26A5B198006F2E99 /* Resources */ = {
			isa = PBXResourcesBuildPhase;
			buildActionMask = 2147483647;
			files = (
				D8F37C5026A5B19A006F2E99 /* LaunchScreen.storyboard in Resources */,
				D8F37C4D26A5B19A006F2E99 /* Assets.xcassets in Resources */,
				D8F37C4B26A5B198006F2E99 /* Main.storyboard in Resources */,
			);
			runOnlyForDeploymentPostprocessing = 0;
		};
/* End PBXResourcesBuildPhase section */

/* Begin PBXSourcesBuildPhase section */
		D8F37C3C26A5B198006F2E99 /* Sources */ = {
			isa = PBXSourcesBuildPhase;
			buildActionMask = 2147483647;
			files = (
				D8F37C4826A5B198006F2E99 /* ViewController.swift in Sources */,
				D8F37C4426A5B198006F2E99 /* AppDelegate.swift in Sources */,
				D8F37C4626A5B198006F2E99 /* SceneDelegate.swift in Sources */,
				D8CD0FD426A7207A0078E9E7 /* WriteViewController.swift in Sources */,
				D8D354FF26A7144B00210B27 /* ReviewTableViewController.swift in Sources */,
			);
			runOnlyForDeploymentPostprocessing = 0;
		};
/* End PBXSourcesBuildPhase section */

/* Begin PBXVariantGroup section */
		D8F37C4926A5B198006F2E99 /* Main.storyboard */ = {
			isa = PBXVariantGroup;
			children = (
				D8F37C4A26A5B198006F2E99 /* Base */,
			);
			name = Main.storyboard;
			sourceTree = "<group>";
		};
		D8F37C4E26A5B19A006F2E99 /* LaunchScreen.storyboard */ = {
			isa = PBXVariantGroup;
			children = (
				D8F37C4F26A5B19A006F2E99 /* Base */,
			);
			name = LaunchScreen.storyboard;
			sourceTree = "<group>";
		};
/* End PBXVariantGroup section */

/* Begin XCBuildConfiguration section */
		D8F37C5226A5B19A006F2E99 /* Debug */ = {
			isa = XCBuildConfiguration;
			buildSettings = {
				ALWAYS_SEARCH_USER_PATHS = NO;
				CLANG_ANALYZER_NONNULL = YES;
				CLANG_ANALYZER_NUMBER_OBJECT_CONVERSION = YES_AGGRESSIVE;
				CLANG_CXX_LANGUAGE_STANDARD = "gnu++14";
				CLANG_CXX_LIBRARY = "libc++";
				CLANG_ENABLE_MODULES = YES;
				CLANG_ENABLE_OBJC_ARC = YES;
				CLANG_ENABLE_OBJC_WEAK = YES;
				CLANG_WARN_BLOCK_CAPTURE_AUTORELEASING = YES;
				CLANG_WARN_BOOL_CONVERSION = YES;
				CLANG_WARN_COMMA = YES;
				CLANG_WARN_CONSTANT_CONVERSION = YES;
				CLANG_WARN_DEPRECATED_OBJC_IMPLEMENTATIONS = YES;
				CLANG_WARN_DIRECT_OBJC_ISA_USAGE = YES_ERROR;
				CLANG_WARN_DOCUMENTATION_COMMENTS = YES;
				CLANG_WARN_EMPTY_BODY = YES;
				CLANG_WARN_ENUM_CONVERSION = YES;
				CLANG_WARN_INFINITE_RECURSION = YES;
				CLANG_WARN_INT_CONVERSION = YES;
				CLANG_WARN_NON_LITERAL_NULL_CONVERSION = YES;
				CLANG_WARN_OBJC_IMPLICIT_RETAIN_SELF = YES;
				CLANG_WARN_OBJC_LITERAL_CONVERSION = YES;
				CLANG_WARN_OBJC_ROOT_CLASS = YES_ERROR;
				CLANG_WARN_QUOTED_INCLUDE_IN_FRAMEWORK_HEADER = YES;
				CLANG_WARN_RANGE_LOOP_ANALYSIS = YES;
				CLANG_WARN_STRICT_PROTOTYPES = YES;
				CLANG_WARN_SUSPICIOUS_MOVE = YES;
				CLANG_WARN_UNGUARDED_AVAILABILITY = YES_AGGRESSIVE;
				CLANG_WARN_UNREACHABLE_CODE = YES;
				CLANG_WARN__DUPLICATE_METHOD_MATCH = YES;
				COPY_PHASE_STRIP = NO;
				DEBUG_INFORMATION_FORMAT = dwarf;
				ENABLE_STRICT_OBJC_MSGSEND = YES;
				ENABLE_TESTABILITY = YES;
				GCC_C_LANGUAGE_STANDARD = gnu11;
				GCC_DYNAMIC_NO_PIC = NO;
				GCC_NO_COMMON_BLOCKS = YES;
				GCC_OPTIMIZATION_LEVEL = 0;
				GCC_PREPROCESSOR_DEFINITIONS = (
					"DEBUG=1",
					"$(inherited)",
				);
				GCC_WARN_64_TO_32_BIT_CONVERSION = YES;
				GCC_WARN_ABOUT_RETURN_TYPE = YES_ERROR;
				GCC_WARN_UNDECLARED_SELECTOR = YES;
				GCC_WARN_UNINITIALIZED_AUTOS = YES_AGGRESSIVE;
				GCC_WARN_UNUSED_FUNCTION = YES;
				GCC_WARN_UNUSED_VARIABLE = YES;
				IPHONEOS_DEPLOYMENT_TARGET = 14.5;
				MTL_ENABLE_DEBUG_INFO = INCLUDE_SOURCE;
				MTL_FAST_MATH = YES;
				ONLY_ACTIVE_ARCH = YES;
				SDKROOT = iphoneos;
				SWIFT_ACTIVE_COMPILATION_CONDITIONS = DEBUG;
				SWIFT_OPTIMIZATION_LEVEL = "-Onone";
			};
			name = Debug;
		};
		D8F37C5326A5B19A006F2E99 /* Release */ = {
			isa = XCBuildConfiguration;
			buildSettings = {
				ALWAYS_SEARCH_USER_PATHS = NO;
				CLANG_ANALYZER_NONNULL = YES;
				CLANG_ANALYZER_NUMBER_OBJECT_CONVERSION = YES_AGGRESSIVE;
				CLANG_CXX_LANGUAGE_STANDARD = "gnu++14";
				CLANG_CXX_LIBRARY = "libc++";
				CLANG_ENABLE_MODULES = YES;
				CLANG_ENABLE_OBJC_ARC = YES;
				CLANG_ENABLE_OBJC_WEAK = YES;
				CLANG_WARN_BLOCK_CAPTURE_AUTORELEASING = YES;
				CLANG_WARN_BOOL_CONVERSION = YES;
				CLANG_WARN_COMMA = YES;
				CLANG_WARN_CONSTANT_CONVERSION = YES;
				CLANG_WARN_DEPRECATED_OBJC_IMPLEMENTATIONS = YES;
				CLANG_WARN_DIRECT_OBJC_ISA_USAGE = YES_ERROR;
				CLANG_WARN_DOCUMENTATION_COMMENTS = YES;
				CLANG_WARN_EMPTY_BODY = YES;
				CLANG_WARN_ENUM_CONVERSION = YES;
				CLANG_WARN_INFINITE_RECURSION = YES;
				CLANG_WARN_INT_CONVERSION = YES;
				CLANG_WARN_NON_LITERAL_NULL_CONVERSION = YES;
				CLANG_WARN_OBJC_IMPLICIT_RETAIN_SELF = YES;
				CLANG_WARN_OBJC_LITERAL_CONVERSION = YES;
				CLANG_WARN_OBJC_ROOT_CLASS = YES_ERROR;
				CLANG_WARN_QUOTED_INCLUDE_IN_FRAMEWORK_HEADER = YES;
				CLANG_WARN_RANGE_LOOP_ANALYSIS = YES;
				CLANG_WARN_STRICT_PROTOTYPES = YES;
				CLANG_WARN_SUSPICIOUS_MOVE = YES;
				CLANG_WARN_UNGUARDED_AVAILABILITY = YES_AGGRESSIVE;
				CLANG_WARN_UNREACHABLE_CODE = YES;
				CLANG_WARN__DUPLICATE_METHOD_MATCH = YES;
				COPY_PHASE_STRIP = NO;
				DEBUG_INFORMATION_FORMAT = "dwarf-with-dsym";
				ENABLE_NS_ASSERTIONS = NO;
				ENABLE_STRICT_OBJC_MSGSEND = YES;
				GCC_C_LANGUAGE_STANDARD = gnu11;
				GCC_NO_COMMON_BLOCKS = YES;
				GCC_WARN_64_TO_32_BIT_CONVERSION = YES;
				GCC_WARN_ABOUT_RETURN_TYPE = YES_ERROR;
				GCC_WARN_UNDECLARED_SELECTOR = YES;
				GCC_WARN_UNINITIALIZED_AUTOS = YES_AGGRESSIVE;
				GCC_WARN_UNUSED_FUNCTION = YES;
				GCC_WARN_UNUSED_VARIABLE = YES;
				IPHONEOS_DEPLOYMENT_TARGET = 14.5;
				MTL_ENABLE_DEBUG_INFO = NO;
				MTL_FAST_MATH = YES;
				SDKROOT = iphoneos;
				SWIFT_COMPILATION_MODE = wholemodule;
				SWIFT_OPTIMIZATION_LEVEL = "-O";
				VALIDATE_PRODUCT = YES;
			};
			name = Release;
		};
		D8F37C5526A5B19A006F2E99 /* Debug */ = {
			isa = XCBuildConfiguration;
			buildSettings = {
				ASSETCATALOG_COMPILER_APPICON_NAME = AppIcon;
				ASSETCATALOG_COMPILER_GLOBAL_ACCENT_COLOR_NAME = AccentColor;
				CODE_SIGN_STYLE = Automatic;
				DEVELOPMENT_TEAM = SLD3XB8ML6;
				INFOPLIST_FILE = BookReview/Info.plist;
				LD_RUNPATH_SEARCH_PATHS = (
					"$(inherited)",
					"@executable_path/Frameworks",
				);
				PRODUCT_BUNDLE_IDENTIFIER = com.neuli.BookReview;
				PRODUCT_NAME = "$(TARGET_NAME)";
				SWIFT_VERSION = 5.0;
				TARGETED_DEVICE_FAMILY = "1,2";
			};
			name = Debug;
		};
		D8F37C5626A5B19A006F2E99 /* Release */ = {
			isa = XCBuildConfiguration;
			buildSettings = {
				ASSETCATALOG_COMPILER_APPICON_NAME = AppIcon;
				ASSETCATALOG_COMPILER_GLOBAL_ACCENT_COLOR_NAME = AccentColor;
				CODE_SIGN_STYLE = Automatic;
				DEVELOPMENT_TEAM = SLD3XB8ML6;
				INFOPLIST_FILE = BookReview/Info.plist;
				LD_RUNPATH_SEARCH_PATHS = (
					"$(inherited)",
					"@executable_path/Frameworks",
				);
				PRODUCT_BUNDLE_IDENTIFIER = com.neuli.BookReview;
				PRODUCT_NAME = "$(TARGET_NAME)";
				SWIFT_VERSION = 5.0;
				TARGETED_DEVICE_FAMILY = "1,2";
			};
			name = Release;
		};
/* End XCBuildConfiguration section */

/* Begin XCConfigurationList section */
		D8F37C3B26A5B198006F2E99 /* Build configuration list for PBXProject "BookReview" */ = {
			isa = XCConfigurationList;
			buildConfigurations = (
				D8F37C5226A5B19A006F2E99 /* Debug */,
				D8F37C5326A5B19A006F2E99 /* Release */,
			);
			defaultConfigurationIsVisible = 0;
			defaultConfigurationName = Release;
		};
		D8F37C5426A5B19A006F2E99 /* Build configuration list for PBXNativeTarget "BookReview" */ = {
			isa = XCConfigurationList;
			buildConfigurations = (
				D8F37C5526A5B19A006F2E99 /* Debug */,
				D8F37C5626A5B19A006F2E99 /* Release */,
			);
			defaultConfigurationIsVisible = 0;
			defaultConfigurationName = Release;
		};
/* End XCConfigurationList section */

/* Begin XCRemoteSwiftPackageReference section */
		D8F37C5726A5B28E006F2E99 /* XCRemoteSwiftPackageReference "Alamofire" */ = {
			isa = XCRemoteSwiftPackageReference;
			repositoryURL = "https://github.com/Alamofire/Alamofire.git";
			requirement = {
				kind = upToNextMajorVersion;
				minimumVersion = 5.4.3;
			};
		};
		D8F37C5A26A5B696006F2E99 /* XCRemoteSwiftPackageReference "SwiftyJSON" */ = {
			isa = XCRemoteSwiftPackageReference;
			repositoryURL = "https://github.com/SwiftyJSON/SwiftyJSON.git";
			requirement = {
				kind = upToNextMajorVersion;
				minimumVersion = 5.0.1;
			};
		};
/* End XCRemoteSwiftPackageReference section */

/* Begin XCSwiftPackageProductDependency section */
		D8F37C5826A5B28E006F2E99 /* Alamofire */ = {
			isa = XCSwiftPackageProductDependency;
			package = D8F37C5726A5B28E006F2E99 /* XCRemoteSwiftPackageReference "Alamofire" */;
			productName = Alamofire;
		};
		D8F37C5B26A5B696006F2E99 /* SwiftyJSON */ = {
			isa = XCSwiftPackageProductDependency;
			package = D8F37C5A26A5B696006F2E99 /* XCRemoteSwiftPackageReference "SwiftyJSON" */;
			productName = SwiftyJSON;
		};
/* End XCSwiftPackageProductDependency section */
	};
	rootObject = D8F37C3826A5B198006F2E99 /* Project object */;
}
